
Microsoft Visual Studio Solution File, Format Version 12.00
# Visual Studio 2012
Project("{FAE04EC0-301F-11D3-BF4B-00C04F79EFBC}") = "BikeshareClient", "BikeshareClient\BikeshareClient.csproj", "{9D88906B-8119-4940-9D8F-4A89C87859BE}"
EndProject
Global
	GlobalSection(SolutionConfigurationPlatforms) = preSolution
		Debug|Any CPU = Debug|Any CPU
		Release|Any CPU = Release|Any CPU
	EndGlobalSection
	GlobalSection(ProjectConfigurationPlatforms) = postSolution
		{9D88906B-8119-4940-9D8F-4A89C87859BE}.Debug|Any CPU.ActiveCfg = Debug|Any CPU
		{9D88906B-8119-4940-9D8F-4A89C87859BE}.Debug|Any CPU.Build.0 = Debug|Any CPU
		{9D88906B-8119-4940-9D8F-4A89C87859BE}.Release|Any CPU.ActiveCfg = Release|Any CPU
		{9D88906B-8119-4940-9D8F-4A89C87859BE}.Release|Any CPU.Build.0 = Release|Any CPU
	EndGlobalSection
EndGlobal
